
Microsoft Visual Studio Solution File, Format Version 12.00
# Visual Studio 2013
VisualStudioVersion = 12.0.30324.0
MinimumVisualStudioVersion = 10.0.40219.1
Project("{8BC9CEB8-8B4A-11D0-8D11-00A0C91BC942}") = "MVA_Robotics_Module05_Demo02", "MVA_Robotics_Module05_Demo02.vcxproj", "{00E2E18C-46C3-4F59-B894-5DAF5F816A8F}"
EndProject
Global
	GlobalSection(SolutionConfigurationPlatforms) = preSolution
		Debug|Win32 = Debug|Win32
		Release|Win32 = Release|Win32
	EndGlobalSection
	GlobalSection(ProjectConfigurationPlatforms) = postSolution
		{00E2E18C-46C3-4F59-B894-5DAF5F816A8F}.Debug|Win32.ActiveCfg = Debug|Win32
		{00E2E18C-46C3-4F59-B894-5DAF5F816A8F}.Debug|Win32.Build.0 = Debug|Win32
		{00E2E18C-46C3-4F59-B894-5DAF5F816A8F}.Release|Win32.ActiveCfg = Release|Win32
		{00E2E18C-46C3-4F59-B894-5DAF5F816A8F}.Release|Win32.Build.0 = Release|Win32
	EndGlobalSection
	GlobalSection(SolutionProperties) = preSolution
		HideSolutionNode = FALSE
	EndGlobalSection
EndGlobal
